// !$*UTF8*$!
{
	archiveVersion = 1;
	classes = {
	};
	objectVersion = 55;
	objects = {

/* Begin PBXBuildFile section */
		3901C3702732ADA3006012DF /* main.swift in Sources */ = {isa = PBXBuildFile; fileRef = 3901C36F2732ADA3006012DF /* main.swift */; };
		3901C3772732ADB6006012DF /* SelectionSort.swift in Sources */ = {isa = PBXBuildFile; fileRef = 3901C3762732ADB6006012DF /* SelectionSort.swift */; };
		3901C37A2732B152006012DF /* ArrayGenerator.swift in Sources */ = {isa = PBXBuildFile; fileRef = 3901C3792732B152006012DF /* ArrayGenerator.swift */; };
		3901C37C2732B73D006012DF /* SortHelper.swift in Sources */ = {isa = PBXBuildFile; fileRef = 3901C37B2732B73D006012DF /* SortHelper.swift */; };
		3901C37E2732BB3D006012DF /* Sortable.swift in Sources */ = {isa = PBXBuildFile; fileRef = 3901C37D2732BB3D006012DF /* Sortable.swift */; };
		3901C3802732CD18006012DF /* InsertionSort.swift in Sources */ = {isa = PBXBuildFile; fileRef = 3901C37F2732CD18006012DF /* InsertionSort.swift */; };
/* End PBXBuildFile section */

/* Begin PBXCopyFilesBuildPhase section */
		3901C36A2732ADA3006012DF /* CopyFiles */ = {
			isa = PBXCopyFilesBuildPhase;
			buildActionMask = 2147483647;
			dstPath = /usr/share/man/man1/;
			dstSubfolderSpec = 0;
			files = (
			);
			runOnlyForDeploymentPostprocessing = 1;
		};
/* End PBXCopyFilesBuildPhase section */

/* Begin PBXFileReference section */
		3901C36C2732ADA3006012DF /* SwiftAlogrithm */ = {isa = PBXFileReference; explicitFileType = "compiled.mach-o.executable"; includeInIndex = 0; path = SwiftAlogrithm; sourceTree = BUILT_PRODUCTS_DIR; };
		3901C36F2732ADA3006012DF /* main.swift */ = {isa = PBXFileReference; lastKnownFileType = sourcecode.swift; path = main.swift; sourceTree = "<group>"; };
		3901C3762732ADB6006012DF /* SelectionSort.swift */ = {isa = PBXFileReference; lastKnownFileType = sourcecode.swift; path = SelectionSort.swift; sourceTree = "<group>"; };
		3901C3792732B152006012DF /* ArrayGenerator.swift */ = {isa = PBXFileReference; lastKnownFileType = sourcecode.swift; path = ArrayGenerator.swift; sourceTree = "<group>"; };
		3901C37B2732B73D006012DF /* SortHelper.swift */ = {isa = PBXFileReference; lastKnownFileType = sourcecode.swift; path = SortHelper.swift; sourceTree = "<group>"; };
		3901C37D2732BB3D006012DF /* Sortable.swift */ = {isa = PBXFileReference; lastKnownFileType = sourcecode.swift; path = Sortable.swift; sourceTree = "<group>"; };
		3901C37F2732CD18006012DF /* InsertionSort.swift */ = {isa = PBXFileReference; lastKnownFileType = sourcecode.swift; path = InsertionSort.swift; sourceTree = "<group>"; };
/* End PBXFileReference section */

/* Begin PBXFrameworksBuildPhase section */
		3901C3692732ADA3006012DF /* Frameworks */ = {
			isa = PBXFrameworksBuildPhase;
			buildActionMask = 2147483647;
			files = (
			);
			runOnlyForDeploymentPostprocessing = 0;
		};
/* End PBXFrameworksBuildPhase section */

/* Begin PBXGroup section */
		3901C3632732ADA3006012DF = {
			isa = PBXGroup;
			children = (
				3901C36E2732ADA3006012DF /* SwiftAlogrithm */,
				3901C36D2732ADA3006012DF /* Products */,
			);
			sourceTree = "<group>";
		};
		3901C36D2732ADA3006012DF /* Products */ = {
			isa = PBXGroup;
			children = (
				3901C36C2732ADA3006012DF /* SwiftAlogrithm */,
			);
			name = Products;
			sourceTree = "<group>";
		};
		3901C36E2732ADA3006012DF /* SwiftAlogrithm */ = {
			isa = PBXGroup;
			children = (
				3901C36F2732ADA3006012DF /* main.swift */,
				3901C3782732B052006012DF /* 基础排序 */,
				3901C3792732B152006012DF /* ArrayGenerator.swift */,
				3901C37B2732B73D006012DF /* SortHelper.swift */,
				3901C37D2732BB3D006012DF /* Sortable.swift */,
			);
			path = SwiftAlogrithm;
			sourceTree = "<group>";
		};
		3901C3782732B052006012DF /* 基础排序 */ = {
			isa = PBXGroup;
			children = (
				3901C3762732ADB6006012DF /* SelectionSort.swift */,
				3901C37F2732CD18006012DF /* InsertionSort.swift */,
			);
			path = "基础排序";
			sourceTree = "<group>";
		};
/* End PBXGroup section */

/* Begin PBXNativeTarget section */
		3901C36B2732ADA3006012DF /* SwiftAlogrithm */ = {
			isa = PBXNativeTarget;
			buildConfigurationList = 3901C3732732ADA3006012DF /* Build configuration list for PBXNativeTarget "SwiftAlogrithm" */;
			buildPhases = (
				3901C3682732ADA3006012DF /* Sources */,
				3901C3692732ADA3006012DF /* Frameworks */,
				3901C36A2732ADA3006012DF /* CopyFiles */,
			);
			buildRules = (
			);
			dependencies = (
			);
			name = SwiftAlogrithm;
			productName = SwiftAlogrithm;
			productReference = 3901C36C2732ADA3006012DF /* SwiftAlogrithm */;
			productType = "com.apple.product-type.tool";
		};
/* End PBXNativeTarget section */

/* Begin PBXProject section */
		3901C3642732ADA3006012DF /* Project object */ = {
			isa = PBXProject;
			attributes = {
				BuildIndependentTargetsInParallel = 1;
				LastSwiftUpdateCheck = 1310;
				LastUpgradeCheck = 1310;
				TargetAttributes = {
					3901C36B2732ADA3006012DF = {
						CreatedOnToolsVersion = 13.1;
					};
				};
			};
			buildConfigurationList = 3901C3672732ADA3006012DF /* Build configuration list for PBXProject "SwiftAlogrithm" */;
			compatibilityVersion = "Xcode 13.0";
			developmentRegion = en;
			hasScannedForEncodings = 0;
			knownRegions = (
				en,
				Base,
			);
			mainGroup = 3901C3632732ADA3006012DF;
			productRefGroup = 3901C36D2732ADA3006012DF /* Products */;
			projectDirPath = "";
			projectRoot = "";
			targets = (
				3901C36B2732ADA3006012DF /* SwiftAlogrithm */,
			);
		};
/* End PBXProject section */

/* Begin PBXSourcesBuildPhase section */
		3901C3682732ADA3006012DF /* Sources */ = {
			isa = PBXSourcesBuildPhase;
			buildActionMask = 2147483647;
			files = (
				3901C3772732ADB6006012DF /* SelectionSort.swift in Sources */,
				3901C37A2732B152006012DF /* ArrayGenerator.swift in Sources */,
				3901C3702732ADA3006012DF /* main.swift in Sources */,
				3901C3802732CD18006012DF /* InsertionSort.swift in Sources */,
				3901C37E2732BB3D006012DF /* Sortable.swift in Sources */,
				3901C37C2732B73D006012DF /* SortHelper.swift in Sources */,
			);
			runOnlyForDeploymentPostprocessing = 0;
		};
/* End PBXSourcesBuildPhase section */

/* Begin XCBuildConfiguration section */
		3901C3712732ADA3006012DF /* Debug */ = {
			isa = XCBuildConfiguration;
			buildSettings = {
				ALWAYS_SEARCH_USER_PATHS = NO;
				CLANG_ANALYZER_NONNULL = YES;
				CLANG_ANALYZER_NUMBER_OBJECT_CONVERSION = YES_AGGRESSIVE;
				CLANG_CXX_LANGUAGE_STANDARD = "gnu++17";
				CLANG_CXX_LIBRARY = "libc++";
				CLANG_ENABLE_MODULES = YES;
				CLANG_ENABLE_OBJC_ARC = YES;
				CLANG_ENABLE_OBJC_WEAK = YES;
				CLANG_WARN_BLOCK_CAPTURE_AUTORELEASING = YES;
				CLANG_WARN_BOOL_CONVERSION = YES;
				CLANG_WARN_COMMA = YES;
				CLANG_WARN_CONSTANT_CONVERSION = YES;
				CLANG_WARN_DEPRECATED_OBJC_IMPLEMENTATIONS = YES;
				CLANG_WARN_DIRECT_OBJC_ISA_USAGE = YES_ERROR;
				CLANG_WARN_DOCUMENTATION_COMMENTS = YES;
				CLANG_WARN_EMPTY_BODY = YES;
				CLANG_WARN_ENUM_CONVERSION = YES;
				CLANG_WARN_INFINITE_RECURSION = YES;
				CLANG_WARN_INT_CONVERSION = YES;
				CLANG_WARN_NON_LITERAL_NULL_CONVERSION = YES;
				CLANG_WARN_OBJC_IMPLICIT_RETAIN_SELF = YES;
				CLANG_WARN_OBJC_LITERAL_CONVERSION = YES;
				CLANG_WARN_OBJC_ROOT_CLASS = YES_ERROR;
				CLANG_WARN_QUOTED_INCLUDE_IN_FRAMEWORK_HEADER = YES;
				CLANG_WARN_RANGE_LOOP_ANALYSIS = YES;
				CLANG_WARN_STRICT_PROTOTYPES = YES;
				CLANG_WARN_SUSPICIOUS_MOVE = YES;
				CLANG_WARN_UNGUARDED_AVAILABILITY = YES_AGGRESSIVE;
				CLANG_WARN_UNREACHABLE_CODE = YES;
				CLANG_WARN__DUPLICATE_METHOD_MATCH = YES;
				COPY_PHASE_STRIP = NO;
				DEBUG_INFORMATION_FORMAT = dwarf;
				ENABLE_STRICT_OBJC_MSGSEND = YES;
				ENABLE_TESTABILITY = YES;
				GCC_C_LANGUAGE_STANDARD = gnu11;
				GCC_DYNAMIC_NO_PIC = NO;
				GCC_NO_COMMON_BLOCKS = YES;
				GCC_OPTIMIZATION_LEVEL = 0;
				GCC_PREPROCESSOR_DEFINITIONS = (
					"DEBUG=1",
					"$(inherited)",
				);
				GCC_WARN_64_TO_32_BIT_CONVERSION = YES;
				GCC_WARN_ABOUT_RETURN_TYPE = YES_ERROR;
				GCC_WARN_UNDECLARED_SELECTOR = YES;
				GCC_WARN_UNINITIALIZED_AUTOS = YES_AGGRESSIVE;
				GCC_WARN_UNUSED_FUNCTION = YES;
				GCC_WARN_UNUSED_VARIABLE = YES;
				MACOSX_DEPLOYMENT_TARGET = 12.0;
				MTL_ENABLE_DEBUG_INFO = INCLUDE_SOURCE;
				MTL_FAST_MATH = YES;
				ONLY_ACTIVE_ARCH = YES;
				SDKROOT = macosx;
				SWIFT_ACTIVE_COMPILATION_CONDITIONS = DEBUG;
				SWIFT_OPTIMIZATION_LEVEL = "-Onone";
			};
			name = Debug;
		};
		3901C3722732ADA3006012DF /* Release */ = {
			isa = XCBuildConfiguration;
			buildSettings = {
				ALWAYS_SEARCH_USER_PATHS = NO;
				CLANG_ANALYZER_NONNULL = YES;
				CLANG_ANALYZER_NUMBER_OBJECT_CONVERSION = YES_AGGRESSIVE;
				CLANG_CXX_LANGUAGE_STANDARD = "gnu++17";
				CLANG_CXX_LIBRARY = "libc++";
				CLANG_ENABLE_MODULES = YES;
				CLANG_ENABLE_OBJC_ARC = YES;
				CLANG_ENABLE_OBJC_WEAK = YES;
				CLANG_WARN_BLOCK_CAPTURE_AUTORELEASING = YES;
				CLANG_WARN_BOOL_CONVERSION = YES;
				CLANG_WARN_COMMA = YES;
				CLANG_WARN_CONSTANT_CONVERSION = YES;
				CLANG_WARN_DEPRECATED_OBJC_IMPLEMENTATIONS = YES;
				CLANG_WARN_DIRECT_OBJC_ISA_USAGE = YES_ERROR;
				CLANG_WARN_DOCUMENTATION_COMMENTS = YES;
				CLANG_WARN_EMPTY_BODY = YES;
				CLANG_WARN_ENUM_CONVERSION = YES;
				CLANG_WARN_INFINITE_RECURSION = YES;
				CLANG_WARN_INT_CONVERSION = YES;
				CLANG_WARN_NON_LITERAL_NULL_CONVERSION = YES;
				CLANG_WARN_OBJC_IMPLICIT_RETAIN_SELF = YES;
				CLANG_WARN_OBJC_LITERAL_CONVERSION = YES;
				CLANG_WARN_OBJC_ROOT_CLASS = YES_ERROR;
				CLANG_WARN_QUOTED_INCLUDE_IN_FRAMEWORK_HEADER = YES;
				CLANG_WARN_RANGE_LOOP_ANALYSIS = YES;
				CLANG_WARN_STRICT_PROTOTYPES = YES;
				CLANG_WARN_SUSPICIOUS_MOVE = YES;
				CLANG_WARN_UNGUARDED_AVAILABILITY = YES_AGGRESSIVE;
				CLANG_WARN_UNREACHABLE_CODE = YES;
				CLANG_WARN__DUPLICATE_METHOD_MATCH = YES;
				COPY_PHASE_STRIP = NO;
				DEBUG_INFORMATION_FORMAT = "dwarf-with-dsym";
				ENABLE_NS_ASSERTIONS = NO;
				ENABLE_STRICT_OBJC_MSGSEND = YES;
				GCC_C_LANGUAGE_STANDARD = gnu11;
				GCC_NO_COMMON_BLOCKS = YES;
				GCC_WARN_64_TO_32_BIT_CONVERSION = YES;
				GCC_WARN_ABOUT_RETURN_TYPE = YES_ERROR;
				GCC_WARN_UNDECLARED_SELECTOR = YES;
				GCC_WARN_UNINITIALIZED_AUTOS = YES_AGGRESSIVE;
				GCC_WARN_UNUSED_FUNCTION = YES;
				GCC_WARN_UNUSED_VARIABLE = YES;
				MACOSX_DEPLOYMENT_TARGET = 12.0;
				MTL_ENABLE_DEBUG_INFO = NO;
				MTL_FAST_MATH = YES;
				SDKROOT = macosx;
				SWIFT_COMPILATION_MODE = wholemodule;
				SWIFT_OPTIMIZATION_LEVEL = "-O";
			};
			name = Release;
		};
		3901C3742732ADA3006012DF /* Debug */ = {
			isa = XCBuildConfiguration;
			buildSettings = {
				CODE_SIGN_STYLE = Automatic;
				DEVELOPMENT_TEAM = A2F8F73969;
				ENABLE_HARDENED_RUNTIME = YES;
				PRODUCT_NAME = "$(TARGET_NAME)";
				SWIFT_VERSION = 5.0;
			};
			name = Debug;
		};
		3901C3752732ADA3006012DF /* Release */ = {
			isa = XCBuildConfiguration;
			buildSettings = {
				CODE_SIGN_STYLE = Automatic;
				DEVELOPMENT_TEAM = A2F8F73969;
				ENABLE_HARDENED_RUNTIME = YES;
				PRODUCT_NAME = "$(TARGET_NAME)";
				SWIFT_VERSION = 5.0;
			};
			name = Release;
		};
/* End XCBuildConfiguration section */

/* Begin XCConfigurationList section */
		3901C3672732ADA3006012DF /* Build configuration list for PBXProject "SwiftAlogrithm" */ = {
			isa = XCConfigurationList;
			buildConfigurations = (
				3901C3712732ADA3006012DF /* Debug */,
				3901C3722732ADA3006012DF /* Release */,
			);
			defaultConfigurationIsVisible = 0;
			defaultConfigurationName = Release;
		};
		3901C3732732ADA3006012DF /* Build configuration list for PBXNativeTarget "SwiftAlogrithm" */ = {
			isa = XCConfigurationList;
			buildConfigurations = (
				3901C3742732ADA3006012DF /* Debug */,
				3901C3752732ADA3006012DF /* Release */,
			);
			defaultConfigurationIsVisible = 0;
			defaultConfigurationName = Release;
		};
/* End XCConfigurationList section */
	};
	rootObject = 3901C3642732ADA3006012DF /* Project object */;
}
