// !$*UTF8*$!
{
	archiveVersion = 1;
	classes = {
	};
	objectVersion = 50;
	objects = {

/* Begin PBXBuildFile section */
		49017BB9273D585B004E84CA /* LeetCode20.swift in Sources */ = {isa = PBXBuildFile; fileRef = 49017BB8273D585B004E84CA /* LeetCode20.swift */; };
		49017C7427434A82004E84CA /* LinkList.swift in Sources */ = {isa = PBXBuildFile; fileRef = 49017C7327434A82004E84CA /* LinkList.swift */; };
		49017C76274380BD004E84CA /* Stack.swift in Sources */ = {isa = PBXBuildFile; fileRef = 49017C75274380BD004E84CA /* Stack.swift */; };
		49017C7827438139004E84CA /* LinkListStack.swift in Sources */ = {isa = PBXBuildFile; fileRef = 49017C7727438139004E84CA /* LinkListStack.swift */; };
		49017C7A274387A1004E84CA /* Queue.swift in Sources */ = {isa = PBXBuildFile; fileRef = 49017C79274387A1004E84CA /* Queue.swift */; };
		49017C7C2743885B004E84CA /* LinkListQueue.swift in Sources */ = {isa = PBXBuildFile; fileRef = 49017C7B2743885B004E84CA /* LinkListQueue.swift */; };
		49017C7E2743FA75004E84CA /* Sum.swift in Sources */ = {isa = PBXBuildFile; fileRef = 49017C7D2743FA74004E84CA /* Sum.swift */; };
		494AD9F4274E69CE00B1999D /* QuickSort3.swift in Sources */ = {isa = PBXBuildFile; fileRef = 494AD9F3274E69CE00B1999D /* QuickSort3.swift */; };
		494AD9F6274E846000B1999D /* SelectK.swift in Sources */ = {isa = PBXBuildFile; fileRef = 494AD9F5274E846000B1999D /* SelectK.swift */; };
		494F3EE627562A1100CDA0D3 /* LeetCode804.swift in Sources */ = {isa = PBXBuildFile; fileRef = 494F3EE527562A1100CDA0D3 /* LeetCode804.swift */; };
		497756452756F3430005A898 /* MaxHeap.swift in Sources */ = {isa = PBXBuildFile; fileRef = 497756442756F3430005A898 /* MaxHeap.swift */; };
		498BBA8827472DF000ECD8B3 /* LeetCode51.swift in Sources */ = {isa = PBXBuildFile; fileRef = 498BBA8727472DF000ECD8B3 /* LeetCode51.swift */; };
		498BBA93274C951E00ECD8B3 /* QuickSort.swift in Sources */ = {isa = PBXBuildFile; fileRef = 498BBA92274C951E00ECD8B3 /* QuickSort.swift */; };
		498BBA97274DC04B00ECD8B3 /* QuickSort2.swift in Sources */ = {isa = PBXBuildFile; fileRef = 498BBA96274DC04A00ECD8B3 /* QuickSort2.swift */; };
		498E09612745D85D00EB1182 /* LeetCode206.swift in Sources */ = {isa = PBXBuildFile; fileRef = 498E09602745D85D00EB1182 /* LeetCode206.swift */; };
		498E09632745EE1700EB1182 /* MergeSort.swift in Sources */ = {isa = PBXBuildFile; fileRef = 498E09622745EE1700EB1182 /* MergeSort.swift */; };
		4992E611273C017200BD1DA4 /* main.swift in Sources */ = {isa = PBXBuildFile; fileRef = 4992E610273C017200BD1DA4 /* main.swift */; };
		4992E61D273C01F000BD1DA4 /* InsertionSort.swift in Sources */ = {isa = PBXBuildFile; fileRef = 4992E618273C01EF00BD1DA4 /* InsertionSort.swift */; };
		4992E61E273C01F000BD1DA4 /* SelectionSort.swift in Sources */ = {isa = PBXBuildFile; fileRef = 4992E619273C01EF00BD1DA4 /* SelectionSort.swift */; };
		4992E61F273C01F000BD1DA4 /* Sortable.swift in Sources */ = {isa = PBXBuildFile; fileRef = 4992E61A273C01EF00BD1DA4 /* Sortable.swift */; };
		4992E620273C01F000BD1DA4 /* SortHelper.swift in Sources */ = {isa = PBXBuildFile; fileRef = 4992E61B273C01F000BD1DA4 /* SortHelper.swift */; };
		4992E621273C01F000BD1DA4 /* ArrayGenerator.swift in Sources */ = {isa = PBXBuildFile; fileRef = 4992E61C273C01F000BD1DA4 /* ArrayGenerator.swift */; };
		499D838A274F6D0700F93141 /* BinarySearch.swift in Sources */ = {isa = PBXBuildFile; fileRef = 499D8389274F6D0700F93141 /* BinarySearch.swift */; };
		499D838C274F738500F93141 /* BinarySearch2.swift in Sources */ = {isa = PBXBuildFile; fileRef = 499D838B274F738500F93141 /* BinarySearch2.swift */; };
		499D838E274FA89200F93141 /* LeetCode875.swift in Sources */ = {isa = PBXBuildFile; fileRef = 499D838D274FA89200F93141 /* LeetCode875.swift */; };
		499D8390274FABE700F93141 /* LeetCode1011.swift in Sources */ = {isa = PBXBuildFile; fileRef = 499D838F274FABE700F93141 /* LeetCode1011.swift */; };
		499D8393274FDE4800F93141 /* BST.swift in Sources */ = {isa = PBXBuildFile; fileRef = 499D8392274FDE4800F93141 /* BST.swift */; };
/* End PBXBuildFile section */

/* Begin PBXCopyFilesBuildPhase section */
		4992E60B273C017200BD1DA4 /* CopyFiles */ = {
			isa = PBXCopyFilesBuildPhase;
			buildActionMask = 2147483647;
			dstPath = /usr/share/man/man1/;
			dstSubfolderSpec = 0;
			files = (
			);
			runOnlyForDeploymentPostprocessing = 1;
		};
/* End PBXCopyFilesBuildPhase section */

/* Begin PBXFileReference section */
		49017BB8273D585B004E84CA /* LeetCode20.swift */ = {isa = PBXFileReference; lastKnownFileType = sourcecode.swift; path = LeetCode20.swift; sourceTree = "<group>"; };
		49017C7327434A82004E84CA /* LinkList.swift */ = {isa = PBXFileReference; lastKnownFileType = sourcecode.swift; path = LinkList.swift; sourceTree = "<group>"; };
		49017C75274380BD004E84CA /* Stack.swift */ = {isa = PBXFileReference; lastKnownFileType = sourcecode.swift; path = Stack.swift; sourceTree = "<group>"; };
		49017C7727438139004E84CA /* LinkListStack.swift */ = {isa = PBXFileReference; lastKnownFileType = sourcecode.swift; path = LinkListStack.swift; sourceTree = "<group>"; };
		49017C79274387A1004E84CA /* Queue.swift */ = {isa = PBXFileReference; lastKnownFileType = sourcecode.swift; path = Queue.swift; sourceTree = "<group>"; };
		49017C7B2743885B004E84CA /* LinkListQueue.swift */ = {isa = PBXFileReference; lastKnownFileType = sourcecode.swift; path = LinkListQueue.swift; sourceTree = "<group>"; };
		49017C7D2743FA74004E84CA /* Sum.swift */ = {isa = PBXFileReference; lastKnownFileType = sourcecode.swift; path = Sum.swift; sourceTree = "<group>"; };
		494AD9F3274E69CE00B1999D /* QuickSort3.swift */ = {isa = PBXFileReference; lastKnownFileType = sourcecode.swift; path = QuickSort3.swift; sourceTree = "<group>"; };
		494AD9F5274E846000B1999D /* SelectK.swift */ = {isa = PBXFileReference; lastKnownFileType = sourcecode.swift; path = SelectK.swift; sourceTree = "<group>"; };
		494F3EE527562A1100CDA0D3 /* LeetCode804.swift */ = {isa = PBXFileReference; lastKnownFileType = sourcecode.swift; path = LeetCode804.swift; sourceTree = "<group>"; };
		497756442756F3430005A898 /* MaxHeap.swift */ = {isa = PBXFileReference; lastKnownFileType = sourcecode.swift; path = MaxHeap.swift; sourceTree = "<group>"; };
		498BBA8727472DF000ECD8B3 /* LeetCode51.swift */ = {isa = PBXFileReference; lastKnownFileType = sourcecode.swift; path = LeetCode51.swift; sourceTree = "<group>"; };
		498BBA92274C951E00ECD8B3 /* QuickSort.swift */ = {isa = PBXFileReference; lastKnownFileType = sourcecode.swift; path = QuickSort.swift; sourceTree = "<group>"; };
		498BBA96274DC04A00ECD8B3 /* QuickSort2.swift */ = {isa = PBXFileReference; lastKnownFileType = sourcecode.swift; path = QuickSort2.swift; sourceTree = "<group>"; };
		498E09602745D85D00EB1182 /* LeetCode206.swift */ = {isa = PBXFileReference; lastKnownFileType = sourcecode.swift; path = LeetCode206.swift; sourceTree = "<group>"; };
		498E09622745EE1700EB1182 /* MergeSort.swift */ = {isa = PBXFileReference; lastKnownFileType = sourcecode.swift; path = MergeSort.swift; sourceTree = "<group>"; };
		4992E60D273C017200BD1DA4 /* SwiftAlogrithem */ = {isa = PBXFileReference; explicitFileType = "compiled.mach-o.executable"; includeInIndex = 0; path = SwiftAlogrithem; sourceTree = BUILT_PRODUCTS_DIR; };
		4992E610273C017200BD1DA4 /* main.swift */ = {isa = PBXFileReference; lastKnownFileType = sourcecode.swift; path = main.swift; sourceTree = "<group>"; };
		4992E618273C01EF00BD1DA4 /* InsertionSort.swift */ = {isa = PBXFileReference; fileEncoding = 4; lastKnownFileType = sourcecode.swift; path = InsertionSort.swift; sourceTree = "<group>"; };
		4992E619273C01EF00BD1DA4 /* SelectionSort.swift */ = {isa = PBXFileReference; fileEncoding = 4; lastKnownFileType = sourcecode.swift; path = SelectionSort.swift; sourceTree = "<group>"; };
		4992E61A273C01EF00BD1DA4 /* Sortable.swift */ = {isa = PBXFileReference; fileEncoding = 4; lastKnownFileType = sourcecode.swift; path = Sortable.swift; sourceTree = "<group>"; };
		4992E61B273C01F000BD1DA4 /* SortHelper.swift */ = {isa = PBXFileReference; fileEncoding = 4; lastKnownFileType = sourcecode.swift; path = SortHelper.swift; sourceTree = "<group>"; };
		4992E61C273C01F000BD1DA4 /* ArrayGenerator.swift */ = {isa = PBXFileReference; fileEncoding = 4; lastKnownFileType = sourcecode.swift; path = ArrayGenerator.swift; sourceTree = "<group>"; };
		499D8389274F6D0700F93141 /* BinarySearch.swift */ = {isa = PBXFileReference; lastKnownFileType = sourcecode.swift; path = BinarySearch.swift; sourceTree = "<group>"; };
		499D838B274F738500F93141 /* BinarySearch2.swift */ = {isa = PBXFileReference; lastKnownFileType = sourcecode.swift; path = BinarySearch2.swift; sourceTree = "<group>"; };
		499D838D274FA89200F93141 /* LeetCode875.swift */ = {isa = PBXFileReference; lastKnownFileType = sourcecode.swift; path = LeetCode875.swift; sourceTree = "<group>"; };
		499D838F274FABE700F93141 /* LeetCode1011.swift */ = {isa = PBXFileReference; lastKnownFileType = sourcecode.swift; path = LeetCode1011.swift; sourceTree = "<group>"; };
		499D8392274FDE4800F93141 /* BST.swift */ = {isa = PBXFileReference; lastKnownFileType = sourcecode.swift; path = BST.swift; sourceTree = "<group>"; };
/* End PBXFileReference section */

/* Begin PBXFrameworksBuildPhase section */
		4992E60A273C017200BD1DA4 /* Frameworks */ = {
			isa = PBXFrameworksBuildPhase;
			buildActionMask = 2147483647;
			files = (
			);
			runOnlyForDeploymentPostprocessing = 0;
		};
/* End PBXFrameworksBuildPhase section */

/* Begin PBXGroup section */
		497756432756F3360005A898 /* 堆 */ = {
			isa = PBXGroup;
			children = (
				497756442756F3430005A898 /* MaxHeap.swift */,
			);
			path = "堆";
			sourceTree = "<group>";
		};
		498BBA8627467F0500ECD8B3 /* LeetCode */ = {
			isa = PBXGroup;
			children = (
				49017BB8273D585B004E84CA /* LeetCode20.swift */,
				498E09602745D85D00EB1182 /* LeetCode206.swift */,
				498BBA8727472DF000ECD8B3 /* LeetCode51.swift */,
				494AD9F5274E846000B1999D /* SelectK.swift */,
				499D838D274FA89200F93141 /* LeetCode875.swift */,
				499D838F274FABE700F93141 /* LeetCode1011.swift */,
				494F3EE527562A1100CDA0D3 /* LeetCode804.swift */,
			);
			path = LeetCode;
			sourceTree = "<group>";
		};
		4992E604273C017200BD1DA4 = {
			isa = PBXGroup;
			children = (
				4992E60F273C017200BD1DA4 /* SwiftAlogrithem */,
				4992E60E273C017200BD1DA4 /* Products */,
			);
			sourceTree = "<group>";
		};
		4992E60E273C017200BD1DA4 /* Products */ = {
			isa = PBXGroup;
			children = (
				4992E60D273C017200BD1DA4 /* SwiftAlogrithem */,
			);
			name = Products;
			sourceTree = "<group>";
		};
		4992E60F273C017200BD1DA4 /* SwiftAlogrithem */ = {
			isa = PBXGroup;
			children = (
				497756432756F3360005A898 /* 堆 */,
				499D8391274FDA5300F93141 /* 二分搜索树 */,
				499D8388274F6CE500F93141 /* 二分查找 */,
				498BBA8627467F0500ECD8B3 /* LeetCode */,
				4992E628273CCA3100BD1DA4 /* 数据结构基础 */,
				4992E617273C01EF00BD1DA4 /* 基础排序 */,
				4992E610273C017200BD1DA4 /* main.swift */,
			);
			path = SwiftAlogrithem;
			sourceTree = "<group>";
		};
		4992E617273C01EF00BD1DA4 /* 基础排序 */ = {
			isa = PBXGroup;
			children = (
				4992E61C273C01F000BD1DA4 /* ArrayGenerator.swift */,
				4992E61A273C01EF00BD1DA4 /* Sortable.swift */,
				4992E61B273C01F000BD1DA4 /* SortHelper.swift */,
				4992E618273C01EF00BD1DA4 /* InsertionSort.swift */,
				4992E619273C01EF00BD1DA4 /* SelectionSort.swift */,
				498E09622745EE1700EB1182 /* MergeSort.swift */,
				498BBA92274C951E00ECD8B3 /* QuickSort.swift */,
				498BBA96274DC04A00ECD8B3 /* QuickSort2.swift */,
				494AD9F3274E69CE00B1999D /* QuickSort3.swift */,
			);
			path = "基础排序";
			sourceTree = "<group>";
		};
		4992E628273CCA3100BD1DA4 /* 数据结构基础 */ = {
			isa = PBXGroup;
			children = (
				49017C7327434A82004E84CA /* LinkList.swift */,
				49017C75274380BD004E84CA /* Stack.swift */,
				49017C7727438139004E84CA /* LinkListStack.swift */,
				49017C79274387A1004E84CA /* Queue.swift */,
				49017C7B2743885B004E84CA /* LinkListQueue.swift */,
				49017C7D2743FA74004E84CA /* Sum.swift */,
			);
			path = "数据结构基础";
			sourceTree = "<group>";
		};
		499D8388274F6CE500F93141 /* 二分查找 */ = {
			isa = PBXGroup;
			children = (
				499D8389274F6D0700F93141 /* BinarySearch.swift */,
				499D838B274F738500F93141 /* BinarySearch2.swift */,
			);
			path = "二分查找";
			sourceTree = "<group>";
		};
		499D8391274FDA5300F93141 /* 二分搜索树 */ = {
			isa = PBXGroup;
			children = (
				499D8392274FDE4800F93141 /* BST.swift */,
			);
			path = "二分搜索树";
			sourceTree = "<group>";
		};
/* End PBXGroup section */

/* Begin PBXNativeTarget section */
		4992E60C273C017200BD1DA4 /* SwiftAlogrithem */ = {
			isa = PBXNativeTarget;
			buildConfigurationList = 4992E614273C017200BD1DA4 /* Build configuration list for PBXNativeTarget "SwiftAlogrithem" */;
			buildPhases = (
				4992E609273C017200BD1DA4 /* Sources */,
				4992E60A273C017200BD1DA4 /* Frameworks */,
				4992E60B273C017200BD1DA4 /* CopyFiles */,
			);
			buildRules = (
			);
			dependencies = (
			);
			name = SwiftAlogrithem;
			productName = SwiftAlogrithem;
			productReference = 4992E60D273C017200BD1DA4 /* SwiftAlogrithem */;
			productType = "com.apple.product-type.tool";
		};
/* End PBXNativeTarget section */

/* Begin PBXProject section */
		4992E605273C017200BD1DA4 /* Project object */ = {
			isa = PBXProject;
			attributes = {
				LastSwiftUpdateCheck = 1250;
				LastUpgradeCheck = 1250;
				TargetAttributes = {
					4992E60C273C017200BD1DA4 = {
						CreatedOnToolsVersion = 12.5.1;
					};
				};
			};
			buildConfigurationList = 4992E608273C017200BD1DA4 /* Build configuration list for PBXProject "SwiftAlogrithem" */;
			compatibilityVersion = "Xcode 9.3";
			developmentRegion = en;
			hasScannedForEncodings = 0;
			knownRegions = (
				en,
				Base,
			);
			mainGroup = 4992E604273C017200BD1DA4;
			productRefGroup = 4992E60E273C017200BD1DA4 /* Products */;
			projectDirPath = "";
			projectRoot = "";
			targets = (
				4992E60C273C017200BD1DA4 /* SwiftAlogrithem */,
			);
		};
/* End PBXProject section */

/* Begin PBXSourcesBuildPhase section */
		4992E609273C017200BD1DA4 /* Sources */ = {
			isa = PBXSourcesBuildPhase;
			buildActionMask = 2147483647;
			files = (
				499D8393274FDE4800F93141 /* BST.swift in Sources */,
				4992E611273C017200BD1DA4 /* main.swift in Sources */,
				494AD9F6274E846000B1999D /* SelectK.swift in Sources */,
				49017C7C2743885B004E84CA /* LinkListQueue.swift in Sources */,
				49017C76274380BD004E84CA /* Stack.swift in Sources */,
				49017C7827438139004E84CA /* LinkListStack.swift in Sources */,
				499D8390274FABE700F93141 /* LeetCode1011.swift in Sources */,
				49017C7A274387A1004E84CA /* Queue.swift in Sources */,
				4992E621273C01F000BD1DA4 /* ArrayGenerator.swift in Sources */,
				498BBA97274DC04B00ECD8B3 /* QuickSort2.swift in Sources */,
				498BBA8827472DF000ECD8B3 /* LeetCode51.swift in Sources */,
				497756452756F3430005A898 /* MaxHeap.swift in Sources */,
				49017BB9273D585B004E84CA /* LeetCode20.swift in Sources */,
				49017C7427434A82004E84CA /* LinkList.swift in Sources */,
				499D838A274F6D0700F93141 /* BinarySearch.swift in Sources */,
				4992E620273C01F000BD1DA4 /* SortHelper.swift in Sources */,
				499D838C274F738500F93141 /* BinarySearch2.swift in Sources */,
				498E09632745EE1700EB1182 /* MergeSort.swift in Sources */,
				494F3EE627562A1100CDA0D3 /* LeetCode804.swift in Sources */,
				4992E61F273C01F000BD1DA4 /* Sortable.swift in Sources */,
				494AD9F4274E69CE00B1999D /* QuickSort3.swift in Sources */,
				4992E61E273C01F000BD1DA4 /* SelectionSort.swift in Sources */,
				498E09612745D85D00EB1182 /* LeetCode206.swift in Sources */,
				499D838E274FA89200F93141 /* LeetCode875.swift in Sources */,
				498BBA93274C951E00ECD8B3 /* QuickSort.swift in Sources */,
				4992E61D273C01F000BD1DA4 /* InsertionSort.swift in Sources */,
				49017C7E2743FA75004E84CA /* Sum.swift in Sources */,
			);
			runOnlyForDeploymentPostprocessing = 0;
		};
/* End PBXSourcesBuildPhase section */

/* Begin XCBuildConfiguration section */
		4992E612273C017200BD1DA4 /* Debug */ = {
			isa = XCBuildConfiguration;
			buildSettings = {
				ALWAYS_SEARCH_USER_PATHS = NO;
				CLANG_ANALYZER_NONNULL = YES;
				CLANG_ANALYZER_NUMBER_OBJECT_CONVERSION = YES_AGGRESSIVE;
				CLANG_CXX_LANGUAGE_STANDARD = "gnu++14";
				CLANG_CXX_LIBRARY = "libc++";
				CLANG_ENABLE_MODULES = YES;
				CLANG_ENABLE_OBJC_ARC = YES;
				CLANG_ENABLE_OBJC_WEAK = YES;
				CLANG_WARN_BLOCK_CAPTURE_AUTORELEASING = YES;
				CLANG_WARN_BOOL_CONVERSION = YES;
				CLANG_WARN_COMMA = YES;
				CLANG_WARN_CONSTANT_CONVERSION = YES;
				CLANG_WARN_DEPRECATED_OBJC_IMPLEMENTATIONS = YES;
				CLANG_WARN_DIRECT_OBJC_ISA_USAGE = YES_ERROR;
				CLANG_WARN_DOCUMENTATION_COMMENTS = YES;
				CLANG_WARN_EMPTY_BODY = YES;
				CLANG_WARN_ENUM_CONVERSION = YES;
				CLANG_WARN_INFINITE_RECURSION = YES;
				CLANG_WARN_INT_CONVERSION = YES;
				CLANG_WARN_NON_LITERAL_NULL_CONVERSION = YES;
				CLANG_WARN_OBJC_IMPLICIT_RETAIN_SELF = YES;
				CLANG_WARN_OBJC_LITERAL_CONVERSION = YES;
				CLANG_WARN_OBJC_ROOT_CLASS = YES_ERROR;
				CLANG_WARN_QUOTED_INCLUDE_IN_FRAMEWORK_HEADER = YES;
				CLANG_WARN_RANGE_LOOP_ANALYSIS = YES;
				CLANG_WARN_STRICT_PROTOTYPES = YES;
				CLANG_WARN_SUSPICIOUS_MOVE = YES;
				CLANG_WARN_UNGUARDED_AVAILABILITY = YES_AGGRESSIVE;
				CLANG_WARN_UNREACHABLE_CODE = YES;
				CLANG_WARN__DUPLICATE_METHOD_MATCH = YES;
				COPY_PHASE_STRIP = NO;
				DEBUG_INFORMATION_FORMAT = dwarf;
				ENABLE_STRICT_OBJC_MSGSEND = YES;
				ENABLE_TESTABILITY = YES;
				GCC_C_LANGUAGE_STANDARD = gnu11;
				GCC_DYNAMIC_NO_PIC = NO;
				GCC_NO_COMMON_BLOCKS = YES;
				GCC_OPTIMIZATION_LEVEL = 0;
				GCC_PREPROCESSOR_DEFINITIONS = (
					"DEBUG=1",
					"$(inherited)",
				);
				GCC_WARN_64_TO_32_BIT_CONVERSION = YES;
				GCC_WARN_ABOUT_RETURN_TYPE = YES_ERROR;
				GCC_WARN_UNDECLARED_SELECTOR = YES;
				GCC_WARN_UNINITIALIZED_AUTOS = YES_AGGRESSIVE;
				GCC_WARN_UNUSED_FUNCTION = YES;
				GCC_WARN_UNUSED_VARIABLE = YES;
				MACOSX_DEPLOYMENT_TARGET = 11.3;
				MTL_ENABLE_DEBUG_INFO = INCLUDE_SOURCE;
				MTL_FAST_MATH = YES;
				ONLY_ACTIVE_ARCH = YES;
				SDKROOT = macosx;
				SWIFT_ACTIVE_COMPILATION_CONDITIONS = DEBUG;
				SWIFT_OPTIMIZATION_LEVEL = "-Onone";
			};
			name = Debug;
		};
		4992E613273C017200BD1DA4 /* Release */ = {
			isa = XCBuildConfiguration;
			buildSettings = {
				ALWAYS_SEARCH_USER_PATHS = NO;
				CLANG_ANALYZER_NONNULL = YES;
				CLANG_ANALYZER_NUMBER_OBJECT_CONVERSION = YES_AGGRESSIVE;
				CLANG_CXX_LANGUAGE_STANDARD = "gnu++14";
				CLANG_CXX_LIBRARY = "libc++";
				CLANG_ENABLE_MODULES = YES;
				CLANG_ENABLE_OBJC_ARC = YES;
				CLANG_ENABLE_OBJC_WEAK = YES;
				CLANG_WARN_BLOCK_CAPTURE_AUTORELEASING = YES;
				CLANG_WARN_BOOL_CONVERSION = YES;
				CLANG_WARN_COMMA = YES;
				CLANG_WARN_CONSTANT_CONVERSION = YES;
				CLANG_WARN_DEPRECATED_OBJC_IMPLEMENTATIONS = YES;
				CLANG_WARN_DIRECT_OBJC_ISA_USAGE = YES_ERROR;
				CLANG_WARN_DOCUMENTATION_COMMENTS = YES;
				CLANG_WARN_EMPTY_BODY = YES;
				CLANG_WARN_ENUM_CONVERSION = YES;
				CLANG_WARN_INFINITE_RECURSION = YES;
				CLANG_WARN_INT_CONVERSION = YES;
				CLANG_WARN_NON_LITERAL_NULL_CONVERSION = YES;
				CLANG_WARN_OBJC_IMPLICIT_RETAIN_SELF = YES;
				CLANG_WARN_OBJC_LITERAL_CONVERSION = YES;
				CLANG_WARN_OBJC_ROOT_CLASS = YES_ERROR;
				CLANG_WARN_QUOTED_INCLUDE_IN_FRAMEWORK_HEADER = YES;
				CLANG_WARN_RANGE_LOOP_ANALYSIS = YES;
				CLANG_WARN_STRICT_PROTOTYPES = YES;
				CLANG_WARN_SUSPICIOUS_MOVE = YES;
				CLANG_WARN_UNGUARDED_AVAILABILITY = YES_AGGRESSIVE;
				CLANG_WARN_UNREACHABLE_CODE = YES;
				CLANG_WARN__DUPLICATE_METHOD_MATCH = YES;
				COPY_PHASE_STRIP = NO;
				DEBUG_INFORMATION_FORMAT = "dwarf-with-dsym";
				ENABLE_NS_ASSERTIONS = NO;
				ENABLE_STRICT_OBJC_MSGSEND = YES;
				GCC_C_LANGUAGE_STANDARD = gnu11;
				GCC_NO_COMMON_BLOCKS = YES;
				GCC_WARN_64_TO_32_BIT_CONVERSION = YES;
				GCC_WARN_ABOUT_RETURN_TYPE = YES_ERROR;
				GCC_WARN_UNDECLARED_SELECTOR = YES;
				GCC_WARN_UNINITIALIZED_AUTOS = YES_AGGRESSIVE;
				GCC_WARN_UNUSED_FUNCTION = YES;
				GCC_WARN_UNUSED_VARIABLE = YES;
				MACOSX_DEPLOYMENT_TARGET = 11.3;
				MTL_ENABLE_DEBUG_INFO = NO;
				MTL_FAST_MATH = YES;
				SDKROOT = macosx;
				SWIFT_COMPILATION_MODE = wholemodule;
				SWIFT_OPTIMIZATION_LEVEL = "-O";
			};
			name = Release;
		};
		4992E615273C017200BD1DA4 /* Debug */ = {
			isa = XCBuildConfiguration;
			buildSettings = {
				CODE_SIGN_STYLE = Automatic;
				PRODUCT_NAME = "$(TARGET_NAME)";
				SWIFT_VERSION = 5.0;
			};
			name = Debug;
		};
		4992E616273C017200BD1DA4 /* Release */ = {
			isa = XCBuildConfiguration;
			buildSettings = {
				CODE_SIGN_STYLE = Automatic;
				PRODUCT_NAME = "$(TARGET_NAME)";
				SWIFT_VERSION = 5.0;
			};
			name = Release;
		};
/* End XCBuildConfiguration section */

/* Begin XCConfigurationList section */
		4992E608273C017200BD1DA4 /* Build configuration list for PBXProject "SwiftAlogrithem" */ = {
			isa = XCConfigurationList;
			buildConfigurations = (
				4992E612273C017200BD1DA4 /* Debug */,
				4992E613273C017200BD1DA4 /* Release */,
			);
			defaultConfigurationIsVisible = 0;
			defaultConfigurationName = Release;
		};
		4992E614273C017200BD1DA4 /* Build configuration list for PBXNativeTarget "SwiftAlogrithem" */ = {
			isa = XCConfigurationList;
			buildConfigurations = (
				4992E615273C017200BD1DA4 /* Debug */,
				4992E616273C017200BD1DA4 /* Release */,
			);
			defaultConfigurationIsVisible = 0;
			defaultConfigurationName = Release;
		};
/* End XCConfigurationList section */
	};
	rootObject = 4992E605273C017200BD1DA4 /* Project object */;
}
